
Microsoft Visual Studio Solution File, Format Version 12.00
# Visual Studio Version 16
VisualStudioVersion = 16.0.34931.43
MinimumVisualStudioVersion = 10.0.40219.1
Project("{9A19103F-16F7-4668-BE54-9A1E7A4F7556}") = "TelemetryOrchestrator", "TelemetryOrchestrator\TelemetryOrchestrator.csproj", "{3E1C509F-7F16-4D08-9006-5B193E5D30A6}"
EndProject
Project("{2150E333-8FDC-42A3-9474-1A3956D46DE8}") = "Solution Items", "Solution Items", "{D753F5A7-4885-4A27-A449-BAC41624CCB0}"
	ProjectSection(SolutionItems) = preProject
		.editorconfig = .editorconfig
	EndProjectSection
EndProject
Global
	GlobalSection(SolutionConfigurationPlatforms) = preSolution
		Debug|Any CPU = Debug|Any CPU
		Release|Any CPU = Release|Any CPU
	EndGlobalSection
	GlobalSection(ProjectConfigurationPlatforms) = postSolution
		{3E1C509F-7F16-4D08-9006-5B193E5D30A6}.Debug|Any CPU.ActiveCfg = Debug|Any CPU
		{3E1C509F-7F16-4D08-9006-5B193E5D30A6}.Debug|Any CPU.Build.0 = Debug|Any CPU
		{3E1C509F-7F16-4D08-9006-5B193E5D30A6}.Release|Any CPU.ActiveCfg = Release|Any CPU
		{3E1C509F-7F16-4D08-9006-5B193E5D30A6}.Release|Any CPU.Build.0 = Release|Any CPU
	EndGlobalSection
	GlobalSection(SolutionProperties) = preSolution
		HideSolutionNode = FALSE
	EndGlobalSection
	GlobalSection(ExtensibilityGlobals) = postSolution
		SolutionGuid = {6CB0FB0B-2B7B-4C35-9CDD-2CE860EA9DE1}
	EndGlobalSection
EndGlobal
